{
  "name": "zasyncfunctionscope",
  "version": "1.0.0",
  "lockfileVersion": 1,
  "requires": true,
  "dependencies": {
    "zscope": {
      "version": "1.0.3",
      "resolved": "https://registry.npmjs.org/zscope/-/zscope-1.0.3.tgz",
      "integrity": "sha512-YLwzwsH0jdIEA8WMZ1SNX6X/pGghHFonMzAMUAlaFaugBUPRZD+73gF3IVUtwTFzI5+tdOfeW8PSDwCog3v7LA=="
    }
  }
}
